
Microsoft Visual Studio Solution File, Format Version 12.00
# Visual Studio Version 16
VisualStudioVersion = 16.0.30011.22
MinimumVisualStudioVersion = 10.0.40219.1
Project("{9A19103F-16F7-4668-BE54-9A1E7A4F7556}") = "FunctionHTTP", "FunctionHTTP\FunctionHTTP.csproj", "{E8492FF1-C2D2-4BBA-89CC-EE33EDED260E}"
EndProject
Project("{9A19103F-16F7-4668-BE54-9A1E7A4F7556}") = "FuncionBlanco", "FuncionBlanco\FuncionBlanco.csproj", "{391AAF48-03A8-4D16-AA4A-12286121C712}"
EndProject
Project("{FAE04EC0-301F-11D3-BF4B-00C04F79EFBC}") = "EmpleadosMantenimiento", "EmpleadosMantenimiento\EmpleadosMantenimiento.csproj", "{D9AE42EB-73FC-4E85-A886-00850AE1FBD3}"
EndProject
Global
	GlobalSection(SolutionConfigurationPlatforms) = preSolution
		Debug|Any CPU = Debug|Any CPU
		Release|Any CPU = Release|Any CPU
	EndGlobalSection
	GlobalSection(ProjectConfigurationPlatforms) = postSolution
		{E8492FF1-C2D2-4BBA-89CC-EE33EDED260E}.Debug|Any CPU.ActiveCfg = Debug|Any CPU
		{E8492FF1-C2D2-4BBA-89CC-EE33EDED260E}.Debug|Any CPU.Build.0 = Debug|Any CPU
		{E8492FF1-C2D2-4BBA-89CC-EE33EDED260E}.Release|Any CPU.ActiveCfg = Release|Any CPU
		{E8492FF1-C2D2-4BBA-89CC-EE33EDED260E}.Release|Any CPU.Build.0 = Release|Any CPU
		{391AAF48-03A8-4D16-AA4A-12286121C712}.Debug|Any CPU.ActiveCfg = Debug|Any CPU
		{391AAF48-03A8-4D16-AA4A-12286121C712}.Debug|Any CPU.Build.0 = Debug|Any CPU
		{391AAF48-03A8-4D16-AA4A-12286121C712}.Release|Any CPU.ActiveCfg = Release|Any CPU
		{391AAF48-03A8-4D16-AA4A-12286121C712}.Release|Any CPU.Build.0 = Release|Any CPU
		{D9AE42EB-73FC-4E85-A886-00850AE1FBD3}.Debug|Any CPU.ActiveCfg = Debug|Any CPU
		{D9AE42EB-73FC-4E85-A886-00850AE1FBD3}.Debug|Any CPU.Build.0 = Debug|Any CPU
		{D9AE42EB-73FC-4E85-A886-00850AE1FBD3}.Release|Any CPU.ActiveCfg = Release|Any CPU
		{D9AE42EB-73FC-4E85-A886-00850AE1FBD3}.Release|Any CPU.Build.0 = Release|Any CPU
	EndGlobalSection
	GlobalSection(SolutionProperties) = preSolution
		HideSolutionNode = FALSE
	EndGlobalSection
	GlobalSection(ExtensibilityGlobals) = postSolution
		SolutionGuid = {5570853A-BEAA-4245-A339-F88E1AEF2BAF}
	EndGlobalSection
EndGlobal
